
Microsoft Visual Studio Solution File, Format Version 12.00
# Visual Studio Version 16
VisualStudioVersion = 16.0.31410.357
MinimumVisualStudioVersion = 10.0.40219.1
Project("{FAE04EC0-301F-11D3-BF4B-00C04F79EFBC}") = "DependencyScannerDotnet.Core", "DependencyScannerDotnet.Core\DependencyScannerDotnet.Core.csproj", "{0601E910-AACD-434F-95A0-404044DAB01F}"
EndProject
Project("{FAE04EC0-301F-11D3-BF4B-00C04F79EFBC}") = "DependencyScannerDotnet.Core.Test", "DependencyScannerDotnet.Core.Test\DependencyScannerDotnet.Core.Test.csproj", "{7133034D-5E18-486E-90A8-BBCC25CAB74A}"
EndProject
Global
	GlobalSection(SolutionConfigurationPlatforms) = preSolution
		Debug|Any CPU = Debug|Any CPU
		Release|Any CPU = Release|Any CPU
	EndGlobalSection
	GlobalSection(ProjectConfigurationPlatforms) = postSolution
		{0601E910-AACD-434F-95A0-404044DAB01F}.Debug|Any CPU.ActiveCfg = Debug|Any CPU
		{0601E910-AACD-434F-95A0-404044DAB01F}.Debug|Any CPU.Build.0 = Debug|Any CPU
		{0601E910-AACD-434F-95A0-404044DAB01F}.Release|Any CPU.ActiveCfg = Release|Any CPU
		{0601E910-AACD-434F-95A0-404044DAB01F}.Release|Any CPU.Build.0 = Release|Any CPU
		{7133034D-5E18-486E-90A8-BBCC25CAB74A}.Debug|Any CPU.ActiveCfg = Debug|Any CPU
		{7133034D-5E18-486E-90A8-BBCC25CAB74A}.Debug|Any CPU.Build.0 = Debug|Any CPU
		{7133034D-5E18-486E-90A8-BBCC25CAB74A}.Release|Any CPU.ActiveCfg = Release|Any CPU
		{7133034D-5E18-486E-90A8-BBCC25CAB74A}.Release|Any CPU.Build.0 = Release|Any CPU
	EndGlobalSection
	GlobalSection(SolutionProperties) = preSolution
		HideSolutionNode = FALSE
	EndGlobalSection
	GlobalSection(ExtensibilityGlobals) = postSolution
		SolutionGuid = {B46EEEBE-08D8-48E8-BAD6-37F27B2F1CE5}
	EndGlobalSection
EndGlobal
